
Microsoft Visual Studio Solution File, Format Version 12.00
# Visual Studio 15
VisualStudioVersion = 15.0.27428.2037
MinimumVisualStudioVersion = 10.0.40219.1
Project("{FAE04EC0-301F-11D3-BF4B-00C04F79EFBC}") = "WebApplication1", "WebApplication1\WebApplication1.csproj", "{48DC624E-8844-4088-852B-47F2812EE317}"
EndProject
Global
	GlobalSection(SolutionConfigurationPlatforms) = preSolution
		Debug|Any CPU = Debug|Any CPU
		Performance|Any CPU = Performance|Any CPU
		Release|Any CPU = Release|Any CPU
		Verify|Any CPU = Verify|Any CPU
	EndGlobalSection
	GlobalSection(ProjectConfigurationPlatforms) = postSolution
		{48DC624E-8844-4088-852B-47F2812EE317}.Debug|Any CPU.ActiveCfg = Debug|Any CPU
		{48DC624E-8844-4088-852B-47F2812EE317}.Debug|Any CPU.Build.0 = Debug|Any CPU
		{48DC624E-8844-4088-852B-47F2812EE317}.Performance|Any CPU.ActiveCfg = Release|Any CPU
		{48DC624E-8844-4088-852B-47F2812EE317}.Performance|Any CPU.Build.0 = Release|Any CPU
		{48DC624E-8844-4088-852B-47F2812EE317}.Release|Any CPU.ActiveCfg = Release|Any CPU
		{48DC624E-8844-4088-852B-47F2812EE317}.Release|Any CPU.Build.0 = Release|Any CPU
		{48DC624E-8844-4088-852B-47F2812EE317}.Verify|Any CPU.ActiveCfg = Release|Any CPU
		{48DC624E-8844-4088-852B-47F2812EE317}.Verify|Any CPU.Build.0 = Release|Any CPU
	EndGlobalSection
	GlobalSection(SolutionProperties) = preSolution
		HideSolutionNode = FALSE
	EndGlobalSection
	GlobalSection(ExtensibilityGlobals) = postSolution
		SolutionGuid = {DEA777D6-3F9A-4FD5-8563-9499CC7FA73E}
	EndGlobalSection
EndGlobal
